# THIS IS AN AUTOGENERATED FILE. DO NOT EDIT THIS FILE DIRECTLY.
# yarn lockfile v1


insert-css@0.0.0:
  version "0.0.0"
  resolved "https://registry.yarnpkg.com/insert-css/-/insert-css-0.0.0.tgz#2304bfa6f893abecb8ff9ca8d9c7605d94cf2911"
  integrity sha1-IwS/pviTq+y4/5yo2cdgXZTPKRE=

jquery@^3.2.1:
  version "3.6.0"
  resolved "https://registry.yarnpkg.com/jquery/-/jquery-3.6.0.tgz#c72a09f15c1bdce142f49dbf1170bdf8adac2470"
  integrity sha512-JVzAR/AjBvVt2BmYhxRCSYysDsPcssdmTFnzyLEts9qNwmjmu4JTAMYubEfwVOSwpQ1I1sKKFcxhZCI2buerfw==

normalize-css@^2.3.1:
  version "2.3.1"
  resolved "https://registry.yarnpkg.com/normalize-css/-/normalize-css-2.3.1.tgz#fc03e3b91e3a51aa7a1836bae7b2b6ac6d51e156"
  integrity sha1-/APjuR46Uap6GDa657K2rG1R4VY=
  dependencies:
    insert-css "0.0.0"

sticky-table-headers@^0.1.24:
  version "0.1.24"
  resolved "https://registry.yarnpkg.com/sticky-table-headers/-/sticky-table-headers-0.1.24.tgz#7aea1f0791ca3a02b0860cd885ed757a1acbf381"
  integrity sha1-euofB5HKOgKwhgzYhe11ehrL84E=

uikit@^3.0.0-rc.19:
  version "3.13.1"
  resolved "https://registry.yarnpkg.com/uikit/-/uikit-3.13.1.tgz#cdcffc4288e7ae27d012f95bd0001d391d2eab04"
  integrity sha512-KD/iHOD3l77AzSEqGT5UyKfm2I6YDPKceYniMpYSGhr4ZQhaXmjjz1qFfwrDtLxPigChU8gI60Y00geF+cFsVA==
